
Microsoft Visual Studio Solution File, Format Version 12.00
# Visual Studio Version 17
VisualStudioVersion = 17.1.32210.238
MinimumVisualStudioVersion = 10.0.40219.1
Project("{FAE04EC0-301F-11D3-BF4B-00C04F79EFBC}") = "Editor", "Editor\Editor.csproj", "{73A259A5-AE94-48CF-8DC6-F0D3C3DA5864}"
EndProject
Project("{FAE04EC0-301F-11D3-BF4B-00C04F79EFBC}") = "EditorTests", "EditorTests\EditorTests.csproj", "{2EA151DD-A193-4B75-99A2-3AB291AA79D2}"
EndProject
Global
	GlobalSection(SolutionConfigurationPlatforms) = preSolution
		Debug|Any CPU = Debug|Any CPU
		Release|Any CPU = Release|Any CPU
	EndGlobalSection
	GlobalSection(ProjectConfigurationPlatforms) = postSolution
		{73A259A5-AE94-48CF-8DC6-F0D3C3DA5864}.Debug|Any CPU.ActiveCfg = Debug|Any CPU
		{73A259A5-AE94-48CF-8DC6-F0D3C3DA5864}.Debug|Any CPU.Build.0 = Debug|Any CPU
		{73A259A5-AE94-48CF-8DC6-F0D3C3DA5864}.Release|Any CPU.ActiveCfg = Release|Any CPU
		{73A259A5-AE94-48CF-8DC6-F0D3C3DA5864}.Release|Any CPU.Build.0 = Release|Any CPU
		{2EA151DD-A193-4B75-99A2-3AB291AA79D2}.Debug|Any CPU.ActiveCfg = Debug|Any CPU
		{2EA151DD-A193-4B75-99A2-3AB291AA79D2}.Debug|Any CPU.Build.0 = Debug|Any CPU
		{2EA151DD-A193-4B75-99A2-3AB291AA79D2}.Release|Any CPU.ActiveCfg = Release|Any CPU
		{2EA151DD-A193-4B75-99A2-3AB291AA79D2}.Release|Any CPU.Build.0 = Release|Any CPU
	EndGlobalSection
	GlobalSection(SolutionProperties) = preSolution
		HideSolutionNode = FALSE
	EndGlobalSection
	GlobalSection(ExtensibilityGlobals) = postSolution
		SolutionGuid = {6E5959CA-7C96-47A0-88F6-CEB85E3FC414}
	EndGlobalSection
EndGlobal
